// !$*UTF8*$!
{
	archiveVersion = 1;
	classes = {
	};
	objectVersion = 48;
	objects = {

/* Begin PBXBuildFile section */
		540CA224206FBA460057994D /* AppDelegate.m in Sources */ = {isa = PBXBuildFile; fileRef = 540CA223206FBA460057994D /* AppDelegate.m */; };
		540CA227206FBA460057994D /* ViewController.m in Sources */ = {isa = PBXBuildFile; fileRef = 540CA226206FBA460057994D /* ViewController.m */; };
		540CA22A206FBA460057994D /* Main.storyboard in Resources */ = {isa = PBXBuildFile; fileRef = 540CA228206FBA460057994D /* Main.storyboard */; };
		540CA22C206FBA460057994D /* Assets.xcassets in Resources */ = {isa = PBXBuildFile; fileRef = 540CA22B206FBA460057994D /* Assets.xcassets */; };
		540CA22F206FBA460057994D /* LaunchScreen.storyboard in Resources */ = {isa = PBXBuildFile; fileRef = 540CA22D206FBA460057994D /* LaunchScreen.storyboard */; };
		540CA232206FBA460057994D /* main.m in Sources */ = {isa = PBXBuildFile; fileRef = 540CA231206FBA460057994D /* main.m */; };
		540CA23C206FBA460057994D /* ZBKitTests.m in Sources */ = {isa = PBXBuildFile; fileRef = 540CA23B206FBA460057994D /* ZBKitTests.m */; };
		540CA247206FBA460057994D /* ZBKitUITests.m in Sources */ = {isa = PBXBuildFile; fileRef = 540CA246206FBA460057994D /* ZBKitUITests.m */; };
		540CA25D206FBF9C0057994D /* ZBLabel.m in Sources */ = {isa = PBXBuildFile; fileRef = 540CA25C206FBF9C0057994D /* ZBLabel.m */; };
		540CA260206FBFB30057994D /* ZBLabelButton.m in Sources */ = {isa = PBXBuildFile; fileRef = 540CA25F206FBFB30057994D /* ZBLabelButton.m */; };
		540CA263206FBFC30057994D /* ZBViewLabel.m in Sources */ = {isa = PBXBuildFile; fileRef = 540CA262206FBFC30057994D /* ZBViewLabel.m */; };
		540CA268206FC09C0057994D /* ZBColor.m in Sources */ = {isa = PBXBuildFile; fileRef = 540CA267206FC09C0057994D /* ZBColor.m */; };
		540CA26C206FC5440057994D /* Info.plist in Resources */ = {isa = PBXBuildFile; fileRef = 540CA26B206FC5440057994D /* Info.plist */; };
		540CA270206FC68D0057994D /* ZBFont.m in Sources */ = {isa = PBXBuildFile; fileRef = 540CA26F206FC68D0057994D /* ZBFont.m */; };
		540CA273206FD3D60057994D /* ZBButton.m in Sources */ = {isa = PBXBuildFile; fileRef = 540CA272206FD3D60057994D /* ZBButton.m */; };
		540CA276206FD3F80057994D /* ZBTextField.m in Sources */ = {isa = PBXBuildFile; fileRef = 540CA275206FD3F80057994D /* ZBTextField.m */; };
		540CA279206FD4080057994D /* ZBTextVIew.m in Sources */ = {isa = PBXBuildFile; fileRef = 540CA278206FD4080057994D /* ZBTextVIew.m */; };
/* End PBXBuildFile section */

/* Begin PBXContainerItemProxy section */
		540CA238206FBA460057994D /* PBXContainerItemProxy */ = {
			isa = PBXContainerItemProxy;
			containerPortal = 540CA217206FBA450057994D /* Project object */;
			proxyType = 1;
			remoteGlobalIDString = 540CA21E206FBA450057994D;
			remoteInfo = ZBKit;
		};
		540CA243206FBA460057994D /* PBXContainerItemProxy */ = {
			isa = PBXContainerItemProxy;
			containerPortal = 540CA217206FBA450057994D /* Project object */;
			proxyType = 1;
			remoteGlobalIDString = 540CA21E206FBA450057994D;
			remoteInfo = ZBKit;
		};
/* End PBXContainerItemProxy section */

/* Begin PBXFileReference section */
		540CA21F206FBA460057994D /* ZBKit.app */ = {isa = PBXFileReference; explicitFileType = wrapper.application; includeInIndex = 0; path = ZBKit.app; sourceTree = BUILT_PRODUCTS_DIR; };
		540CA222206FBA460057994D /* AppDelegate.h */ = {isa = PBXFileReference; lastKnownFileType = sourcecode.c.h; path = AppDelegate.h; sourceTree = "<group>"; };
		540CA223206FBA460057994D /* AppDelegate.m */ = {isa = PBXFileReference; lastKnownFileType = sourcecode.c.objc; path = AppDelegate.m; sourceTree = "<group>"; };
		540CA225206FBA460057994D /* ViewController.h */ = {isa = PBXFileReference; lastKnownFileType = sourcecode.c.h; path = ViewController.h; sourceTree = "<group>"; };
		540CA226206FBA460057994D /* ViewController.m */ = {isa = PBXFileReference; lastKnownFileType = sourcecode.c.objc; path = ViewController.m; sourceTree = "<group>"; };
		540CA229206FBA460057994D /* Base */ = {isa = PBXFileReference; lastKnownFileType = file.storyboard; name = Base; path = Base.lproj/Main.storyboard; sourceTree = "<group>"; };
		540CA22B206FBA460057994D /* Assets.xcassets */ = {isa = PBXFileReference; lastKnownFileType = folder.assetcatalog; path = Assets.xcassets; sourceTree = "<group>"; };
		540CA22E206FBA460057994D /* Base */ = {isa = PBXFileReference; lastKnownFileType = file.storyboard; name = Base; path = Base.lproj/LaunchScreen.storyboard; sourceTree = "<group>"; };
		540CA231206FBA460057994D /* main.m */ = {isa = PBXFileReference; lastKnownFileType = sourcecode.c.objc; path = main.m; sourceTree = "<group>"; };
		540CA237206FBA460057994D /* ZBKitTests.xctest */ = {isa = PBXFileReference; explicitFileType = wrapper.cfbundle; includeInIndex = 0; path = ZBKitTests.xctest; sourceTree = BUILT_PRODUCTS_DIR; };
		540CA23B206FBA460057994D /* ZBKitTests.m */ = {isa = PBXFileReference; lastKnownFileType = sourcecode.c.objc; path = ZBKitTests.m; sourceTree = "<group>"; };
		540CA23D206FBA460057994D /* Info.plist */ = {isa = PBXFileReference; lastKnownFileType = text.plist.xml; path = Info.plist; sourceTree = "<group>"; };
		540CA242206FBA460057994D /* ZBKitUITests.xctest */ = {isa = PBXFileReference; explicitFileType = wrapper.cfbundle; includeInIndex = 0; path = ZBKitUITests.xctest; sourceTree = BUILT_PRODUCTS_DIR; };
		540CA246206FBA460057994D /* ZBKitUITests.m */ = {isa = PBXFileReference; lastKnownFileType = sourcecode.c.objc; path = ZBKitUITests.m; sourceTree = "<group>"; };
		540CA248206FBA460057994D /* Info.plist */ = {isa = PBXFileReference; lastKnownFileType = text.plist.xml; path = Info.plist; sourceTree = "<group>"; };
		540CA25A206FBF470057994D /* ZBKit.h */ = {isa = PBXFileReference; lastKnownFileType = sourcecode.c.h; path = ZBKit.h; sourceTree = "<group>"; };
		540CA25B206FBF9C0057994D /* ZBLabel.h */ = {isa = PBXFileReference; lastKnownFileType = sourcecode.c.h; path = ZBLabel.h; sourceTree = "<group>"; };
		540CA25C206FBF9C0057994D /* ZBLabel.m */ = {isa = PBXFileReference; lastKnownFileType = sourcecode.c.objc; path = ZBLabel.m; sourceTree = "<group>"; };
		540CA25E206FBFB30057994D /* ZBLabelButton.h */ = {isa = PBXFileReference; lastKnownFileType = sourcecode.c.h; path = ZBLabelButton.h; sourceTree = "<group>"; };
		540CA25F206FBFB30057994D /* ZBLabelButton.m */ = {isa = PBXFileReference; lastKnownFileType = sourcecode.c.objc; path = ZBLabelButton.m; sourceTree = "<group>"; };
		540CA261206FBFC30057994D /* ZBViewLabel.h */ = {isa = PBXFileReference; lastKnownFileType = sourcecode.c.h; path = ZBViewLabel.h; sourceTree = "<group>"; };
		540CA262206FBFC30057994D /* ZBViewLabel.m */ = {isa = PBXFileReference; lastKnownFileType = sourcecode.c.objc; path = ZBViewLabel.m; sourceTree = "<group>"; };
		540CA266206FC09C0057994D /* ZBColor.h */ = {isa = PBXFileReference; lastKnownFileType = sourcecode.c.h; path = ZBColor.h; sourceTree = "<group>"; };
		540CA267206FC09C0057994D /* ZBColor.m */ = {isa = PBXFileReference; lastKnownFileType = sourcecode.c.objc; path = ZBColor.m; sourceTree = "<group>"; };
		540CA26B206FC5440057994D /* Info.plist */ = {isa = PBXFileReference; fileEncoding = 4; lastKnownFileType = text.plist.xml; name = Info.plist; path = ZBKit/Info.plist; sourceTree = SOURCE_ROOT; };
		540CA26D206FC5F30057994D /* ZBKitDefines.h */ = {isa = PBXFileReference; lastKnownFileType = sourcecode.c.h; path = ZBKitDefines.h; sourceTree = "<group>"; };
		540CA26E206FC68D0057994D /* ZBFont.h */ = {isa = PBXFileReference; lastKnownFileType = sourcecode.c.h; path = ZBFont.h; sourceTree = "<group>"; };
		540CA26F206FC68D0057994D /* ZBFont.m */ = {isa = PBXFileReference; lastKnownFileType = sourcecode.c.objc; path = ZBFont.m; sourceTree = "<group>"; };
		540CA271206FD3D60057994D /* ZBButton.h */ = {isa = PBXFileReference; lastKnownFileType = sourcecode.c.h; path = ZBButton.h; sourceTree = "<group>"; };
		540CA272206FD3D60057994D /* ZBButton.m */ = {isa = PBXFileReference; lastKnownFileType = sourcecode.c.objc; path = ZBButton.m; sourceTree = "<group>"; };
		540CA274206FD3F80057994D /* ZBTextField.h */ = {isa = PBXFileReference; lastKnownFileType = sourcecode.c.h; path = ZBTextField.h; sourceTree = "<group>"; };
		540CA275206FD3F80057994D /* ZBTextField.m */ = {isa = PBXFileReference; lastKnownFileType = sourcecode.c.objc; path = ZBTextField.m; sourceTree = "<group>"; };
		540CA277206FD4080057994D /* ZBTextVIew.h */ = {isa = PBXFileReference; lastKnownFileType = sourcecode.c.h; path = ZBTextVIew.h; sourceTree = "<group>"; };
		540CA278206FD4080057994D /* ZBTextVIew.m */ = {isa = PBXFileReference; lastKnownFileType = sourcecode.c.objc; path = ZBTextVIew.m; sourceTree = "<group>"; };
/* End PBXFileReference section */

/* Begin PBXFrameworksBuildPhase section */
		540CA21C206FBA450057994D /* Frameworks */ = {
			isa = PBXFrameworksBuildPhase;
			buildActionMask = 2147483647;
			files = (
			);
			runOnlyForDeploymentPostprocessing = 0;
		};
		540CA234206FBA460057994D /* Frameworks */ = {
			isa = PBXFrameworksBuildPhase;
			buildActionMask = 2147483647;
			files = (
			);
			runOnlyForDeploymentPostprocessing = 0;
		};
		540CA23F206FBA460057994D /* Frameworks */ = {
			isa = PBXFrameworksBuildPhase;
			buildActionMask = 2147483647;
			files = (
			);
			runOnlyForDeploymentPostprocessing = 0;
		};
/* End PBXFrameworksBuildPhase section */

/* Begin PBXGroup section */
		540CA216206FBA450057994D = {
			isa = PBXGroup;
			children = (
				540CA221206FBA460057994D /* ZBKit */,
				540CA255206FBA7A0057994D /* Support */,
				540CA256206FBADB0057994D /* Souce */,
				540CA254206FBA520057994D /* Main */,
				540CA23A206FBA460057994D /* ZBKitTests */,
				540CA245206FBA460057994D /* ZBKitUITests */,
				540CA220206FBA460057994D /* Products */,
			);
			sourceTree = "<group>";
		};
		540CA220206FBA460057994D /* Products */ = {
			isa = PBXGroup;
			children = (
				540CA21F206FBA460057994D /* ZBKit.app */,
				540CA237206FBA460057994D /* ZBKitTests.xctest */,
				540CA242206FBA460057994D /* ZBKitUITests.xctest */,
			);
			name = Products;
			sourceTree = "<group>";
		};
		540CA221206FBA460057994D /* ZBKit */ = {
			isa = PBXGroup;
			children = (
				540CA25A206FBF470057994D /* ZBKit.h */,
				540CA26D206FC5F30057994D /* ZBKitDefines.h */,
				540CA265206FC0480057994D /* ZBFondation */,
				540CA264206FC0380057994D /* ZBUIKit */,
			);
			path = ZBKit;
			sourceTree = "<group>";
		};
		540CA23A206FBA460057994D /* ZBKitTests */ = {
			isa = PBXGroup;
			children = (
				540CA23B206FBA460057994D /* ZBKitTests.m */,
				540CA23D206FBA460057994D /* Info.plist */,
			);
			path = ZBKitTests;
			sourceTree = "<group>";
		};
		540CA245206FBA460057994D /* ZBKitUITests */ = {
			isa = PBXGroup;
			children = (
				540CA246206FBA460057994D /* ZBKitUITests.m */,
				540CA248206FBA460057994D /* Info.plist */,
			);
			path = ZBKitUITests;
			sourceTree = "<group>";
		};
		540CA254206FBA520057994D /* Main */ = {
			isa = PBXGroup;
			children = (
				540CA26B206FC5440057994D /* Info.plist */,
				540CA222206FBA460057994D /* AppDelegate.h */,
				540CA223206FBA460057994D /* AppDelegate.m */,
				540CA225206FBA460057994D /* ViewController.h */,
				540CA226206FBA460057994D /* ViewController.m */,
				540CA231206FBA460057994D /* main.m */,
			);
			path = Main;
			sourceTree = "<group>";
		};
		540CA255206FBA7A0057994D /* Support */ = {
			isa = PBXGroup;
			children = (
			);
			path = Support;
			sourceTree = "<group>";
		};
		540CA256206FBADB0057994D /* Souce */ = {
			isa = PBXGroup;
			children = (
				540CA22B206FBA460057994D /* Assets.xcassets */,
				540CA228206FBA460057994D /* Main.storyboard */,
				540CA22D206FBA460057994D /* LaunchScreen.storyboard */,
			);
			path = Souce;
			sourceTree = "<group>";
		};
		540CA264206FC0380057994D /* ZBUIKit */ = {
			isa = PBXGroup;
			children = (
				540CA266206FC09C0057994D /* ZBColor.h */,
				540CA267206FC09C0057994D /* ZBColor.m */,
				540CA26E206FC68D0057994D /* ZBFont.h */,
				540CA26F206FC68D0057994D /* ZBFont.m */,
				540CA25B206FBF9C0057994D /* ZBLabel.h */,
				540CA25C206FBF9C0057994D /* ZBLabel.m */,
				540CA261206FBFC30057994D /* ZBViewLabel.h */,
				540CA262206FBFC30057994D /* ZBViewLabel.m */,
				540CA25E206FBFB30057994D /* ZBLabelButton.h */,
				540CA25F206FBFB30057994D /* ZBLabelButton.m */,
				540CA271206FD3D60057994D /* ZBButton.h */,
				540CA272206FD3D60057994D /* ZBButton.m */,
				540CA274206FD3F80057994D /* ZBTextField.h */,
				540CA275206FD3F80057994D /* ZBTextField.m */,
				540CA277206FD4080057994D /* ZBTextVIew.h */,
				540CA278206FD4080057994D /* ZBTextVIew.m */,
			);
			path = ZBUIKit;
			sourceTree = "<group>";
		};
		540CA265206FC0480057994D /* ZBFondation */ = {
			isa = PBXGroup;
			children = (
			);
			path = ZBFondation;
			sourceTree = "<group>";
		};
/* End PBXGroup section */

/* Begin PBXNativeTarget section */
		540CA21E206FBA450057994D /* ZBKit */ = {
			isa = PBXNativeTarget;
			buildConfigurationList = 540CA24B206FBA460057994D /* Build configuration list for PBXNativeTarget "ZBKit" */;
			buildPhases = (
				540CA21B206FBA450057994D /* Sources */,
				540CA21C206FBA450057994D /* Frameworks */,
				540CA21D206FBA450057994D /* Resources */,
			);
			buildRules = (
			);
			dependencies = (
			);
			name = ZBKit;
			productName = ZBKit;
			productReference = 540CA21F206FBA460057994D /* ZBKit.app */;
			productType = "com.apple.product-type.application";
		};
		540CA236206FBA460057994D /* ZBKitTests */ = {
			isa = PBXNativeTarget;
			buildConfigurationList = 540CA24E206FBA460057994D /* Build configuration list for PBXNativeTarget "ZBKitTests" */;
			buildPhases = (
				540CA233206FBA460057994D /* Sources */,
				540CA234206FBA460057994D /* Frameworks */,
				540CA235206FBA460057994D /* Resources */,
			);
			buildRules = (
			);
			dependencies = (
				540CA239206FBA460057994D /* PBXTargetDependency */,
			);
			name = ZBKitTests;
			productName = ZBKitTests;
			productReference = 540CA237206FBA460057994D /* ZBKitTests.xctest */;
			productType = "com.apple.product-type.bundle.unit-test";
		};
		540CA241206FBA460057994D /* ZBKitUITests */ = {
			isa = PBXNativeTarget;
			buildConfigurationList = 540CA251206FBA460057994D /* Build configuration list for PBXNativeTarget "ZBKitUITests" */;
			buildPhases = (
				540CA23E206FBA460057994D /* Sources */,
				540CA23F206FBA460057994D /* Frameworks */,
				540CA240206FBA460057994D /* Resources */,
			);
			buildRules = (
			);
			dependencies = (
				540CA244206FBA460057994D /* PBXTargetDependency */,
			);
			name = ZBKitUITests;
			productName = ZBKitUITests;
			productReference = 540CA242206FBA460057994D /* ZBKitUITests.xctest */;
			productType = "com.apple.product-type.bundle.ui-testing";
		};
/* End PBXNativeTarget section */

/* Begin PBXProject section */
		540CA217206FBA450057994D /* Project object */ = {
			isa = PBXProject;
			attributes = {
				LastUpgradeCheck = 0920;
				ORGANIZATIONNAME = Shin;
				TargetAttributes = {
					540CA21E206FBA450057994D = {
						CreatedOnToolsVersion = 9.2;
						ProvisioningStyle = Automatic;
					};
					540CA236206FBA460057994D = {
						CreatedOnToolsVersion = 9.2;
						ProvisioningStyle = Automatic;
						TestTargetID = 540CA21E206FBA450057994D;
					};
					540CA241206FBA460057994D = {
						CreatedOnToolsVersion = 9.2;
						ProvisioningStyle = Automatic;
						TestTargetID = 540CA21E206FBA450057994D;
					};
				};
			};
			buildConfigurationList = 540CA21A206FBA450057994D /* Build configuration list for PBXProject "ZBKit" */;
			compatibilityVersion = "Xcode 8.0";
			developmentRegion = en;
			hasScannedForEncodings = 0;
			knownRegions = (
				en,
				Base,
			);
			mainGroup = 540CA216206FBA450057994D;
			productRefGroup = 540CA220206FBA460057994D /* Products */;
			projectDirPath = "";
			projectRoot = "";
			targets = (
				540CA21E206FBA450057994D /* ZBKit */,
				540CA236206FBA460057994D /* ZBKitTests */,
				540CA241206FBA460057994D /* ZBKitUITests */,
			);
		};
/* End PBXProject section */

/* Begin PBXResourcesBuildPhase section */
		540CA21D206FBA450057994D /* Resources */ = {
			isa = PBXResourcesBuildPhase;
			buildActionMask = 2147483647;
			files = (
				540CA26C206FC5440057994D /* Info.plist in Resources */,
				540CA22F206FBA460057994D /* LaunchScreen.storyboard in Resources */,
				540CA22C206FBA460057994D /* Assets.xcassets in Resources */,
				540CA22A206FBA460057994D /* Main.storyboard in Resources */,
			);
			runOnlyForDeploymentPostprocessing = 0;
		};
		540CA235206FBA460057994D /* Resources */ = {
			isa = PBXResourcesBuildPhase;
			buildActionMask = 2147483647;
			files = (
			);
			runOnlyForDeploymentPostprocessing = 0;
		};
		540CA240206FBA460057994D /* Resources */ = {
			isa = PBXResourcesBuildPhase;
			buildActionMask = 2147483647;
			files = (
			);
			runOnlyForDeploymentPostprocessing = 0;
		};
/* End PBXResourcesBuildPhase section */

/* Begin PBXSourcesBuildPhase section */
		540CA21B206FBA450057994D /* Sources */ = {
			isa = PBXSourcesBuildPhase;
			buildActionMask = 2147483647;
			files = (
				540CA25D206FBF9C0057994D /* ZBLabel.m in Sources */,
				540CA227206FBA460057994D /* ViewController.m in Sources */,
				540CA279206FD4080057994D /* ZBTextVIew.m in Sources */,
				540CA268206FC09C0057994D /* ZBColor.m in Sources */,
				540CA260206FBFB30057994D /* ZBLabelButton.m in Sources */,
				540CA273206FD3D60057994D /* ZBButton.m in Sources */,
				540CA276206FD3F80057994D /* ZBTextField.m in Sources */,
				540CA263206FBFC30057994D /* ZBViewLabel.m in Sources */,
				540CA232206FBA460057994D /* main.m in Sources */,
				540CA270206FC68D0057994D /* ZBFont.m in Sources */,
				540CA224206FBA460057994D /* AppDelegate.m in Sources */,
			);
			runOnlyForDeploymentPostprocessing = 0;
		};
		540CA233206FBA460057994D /* Sources */ = {
			isa = PBXSourcesBuildPhase;
			buildActionMask = 2147483647;
			files = (
				540CA23C206FBA460057994D /* ZBKitTests.m in Sources */,
			);
			runOnlyForDeploymentPostprocessing = 0;
		};
		540CA23E206FBA460057994D /* Sources */ = {
			isa = PBXSourcesBuildPhase;
			buildActionMask = 2147483647;
			files = (
				540CA247206FBA460057994D /* ZBKitUITests.m in Sources */,
			);
			runOnlyForDeploymentPostprocessing = 0;
		};
/* End PBXSourcesBuildPhase section */

/* Begin PBXTargetDependency section */
		540CA239206FBA460057994D /* PBXTargetDependency */ = {
			isa = PBXTargetDependency;
			target = 540CA21E206FBA450057994D /* ZBKit */;
			targetProxy = 540CA238206FBA460057994D /* PBXContainerItemProxy */;
		};
		540CA244206FBA460057994D /* PBXTargetDependency */ = {
			isa = PBXTargetDependency;
			target = 540CA21E206FBA450057994D /* ZBKit */;
			targetProxy = 540CA243206FBA460057994D /* PBXContainerItemProxy */;
		};
/* End PBXTargetDependency section */

/* Begin PBXVariantGroup section */
		540CA228206FBA460057994D /* Main.storyboard */ = {
			isa = PBXVariantGroup;
			children = (
				540CA229206FBA460057994D /* Base */,
			);
			name = Main.storyboard;
			sourceTree = "<group>";
		};
		540CA22D206FBA460057994D /* LaunchScreen.storyboard */ = {
			isa = PBXVariantGroup;
			children = (
				540CA22E206FBA460057994D /* Base */,
			);
			name = LaunchScreen.storyboard;
			sourceTree = "<group>";
		};
/* End PBXVariantGroup section */

/* Begin XCBuildConfiguration section */
		540CA249206FBA460057994D /* Debug */ = {
			isa = XCBuildConfiguration;
			buildSettings = {
				ALWAYS_SEARCH_USER_PATHS = NO;
				CLANG_ANALYZER_NONNULL = YES;
				CLANG_ANALYZER_NUMBER_OBJECT_CONVERSION = YES_AGGRESSIVE;
				CLANG_CXX_LANGUAGE_STANDARD = "gnu++14";
				CLANG_CXX_LIBRARY = "libc++";
				CLANG_ENABLE_MODULES = YES;
				CLANG_ENABLE_OBJC_ARC = YES;
				CLANG_WARN_BLOCK_CAPTURE_AUTORELEASING = YES;
				CLANG_WARN_BOOL_CONVERSION = YES;
				CLANG_WARN_COMMA = YES;
				CLANG_WARN_CONSTANT_CONVERSION = YES;
				CLANG_WARN_DIRECT_OBJC_ISA_USAGE = YES_ERROR;
				CLANG_WARN_DOCUMENTATION_COMMENTS = YES;
				CLANG_WARN_EMPTY_BODY = YES;
				CLANG_WARN_ENUM_CONVERSION = YES;
				CLANG_WARN_INFINITE_RECURSION = YES;
				CLANG_WARN_INT_CONVERSION = YES;
				CLANG_WARN_NON_LITERAL_NULL_CONVERSION = YES;
				CLANG_WARN_OBJC_LITERAL_CONVERSION = YES;
				CLANG_WARN_OBJC_ROOT_CLASS = YES_ERROR;
				CLANG_WARN_RANGE_LOOP_ANALYSIS = YES;
				CLANG_WARN_STRICT_PROTOTYPES = YES;
				CLANG_WARN_SUSPICIOUS_MOVE = YES;
				CLANG_WARN_UNGUARDED_AVAILABILITY = YES_AGGRESSIVE;
				CLANG_WARN_UNREACHABLE_CODE = YES;
				CLANG_WARN__DUPLICATE_METHOD_MATCH = YES;
				CODE_SIGN_IDENTITY = "iPhone Developer";
				COPY_PHASE_STRIP = NO;
				DEBUG_INFORMATION_FORMAT = dwarf;
				ENABLE_STRICT_OBJC_MSGSEND = YES;
				ENABLE_TESTABILITY = YES;
				GCC_C_LANGUAGE_STANDARD = gnu11;
				GCC_DYNAMIC_NO_PIC = NO;
				GCC_NO_COMMON_BLOCKS = YES;
				GCC_OPTIMIZATION_LEVEL = 0;
				GCC_PREPROCESSOR_DEFINITIONS = (
					"DEBUG=1",
					"$(inherited)",
				);
				GCC_WARN_64_TO_32_BIT_CONVERSION = YES;
				GCC_WARN_ABOUT_RETURN_TYPE = YES_ERROR;
				GCC_WARN_UNDECLARED_SELECTOR = YES;
				GCC_WARN_UNINITIALIZED_AUTOS = YES_AGGRESSIVE;
				GCC_WARN_UNUSED_FUNCTION = YES;
				GCC_WARN_UNUSED_VARIABLE = YES;
				IPHONEOS_DEPLOYMENT_TARGET = 11.2;
				MTL_ENABLE_DEBUG_INFO = YES;
				ONLY_ACTIVE_ARCH = YES;
				SDKROOT = iphoneos;
			};
			name = Debug;
		};
		540CA24A206FBA460057994D /* Release */ = {
			isa = XCBuildConfiguration;
			buildSettings = {
				ALWAYS_SEARCH_USER_PATHS = NO;
				CLANG_ANALYZER_NONNULL = YES;
				CLANG_ANALYZER_NUMBER_OBJECT_CONVERSION = YES_AGGRESSIVE;
				CLANG_CXX_LANGUAGE_STANDARD = "gnu++14";
				CLANG_CXX_LIBRARY = "libc++";
				CLANG_ENABLE_MODULES = YES;
				CLANG_ENABLE_OBJC_ARC = YES;
				CLANG_WARN_BLOCK_CAPTURE_AUTORELEASING = YES;
				CLANG_WARN_BOOL_CONVERSION = YES;
				CLANG_WARN_COMMA = YES;
				CLANG_WARN_CONSTANT_CONVERSION = YES;
				CLANG_WARN_DIRECT_OBJC_ISA_USAGE = YES_ERROR;
				CLANG_WARN_DOCUMENTATION_COMMENTS = YES;
				CLANG_WARN_EMPTY_BODY = YES;
				CLANG_WARN_ENUM_CONVERSION = YES;
				CLANG_WARN_INFINITE_RECURSION = YES;
				CLANG_WARN_INT_CONVERSION = YES;
				CLANG_WARN_NON_LITERAL_NULL_CONVERSION = YES;
				CLANG_WARN_OBJC_LITERAL_CONVERSION = YES;
				CLANG_WARN_OBJC_ROOT_CLASS = YES_ERROR;
				CLANG_WARN_RANGE_LOOP_ANALYSIS = YES;
				CLANG_WARN_STRICT_PROTOTYPES = YES;
				CLANG_WARN_SUSPICIOUS_MOVE = YES;
				CLANG_WARN_UNGUARDED_AVAILABILITY = YES_AGGRESSIVE;
				CLANG_WARN_UNREACHABLE_CODE = YES;
				CLANG_WARN__DUPLICATE_METHOD_MATCH = YES;
				CODE_SIGN_IDENTITY = "iPhone Developer";
				COPY_PHASE_STRIP = NO;
				DEBUG_INFORMATION_FORMAT = "dwarf-with-dsym";
				ENABLE_NS_ASSERTIONS = NO;
				ENABLE_STRICT_OBJC_MSGSEND = YES;
				GCC_C_LANGUAGE_STANDARD = gnu11;
				GCC_NO_COMMON_BLOCKS = YES;
				GCC_WARN_64_TO_32_BIT_CONVERSION = YES;
				GCC_WARN_ABOUT_RETURN_TYPE = YES_ERROR;
				GCC_WARN_UNDECLARED_SELECTOR = YES;
				GCC_WARN_UNINITIALIZED_AUTOS = YES_AGGRESSIVE;
				GCC_WARN_UNUSED_FUNCTION = YES;
				GCC_WARN_UNUSED_VARIABLE = YES;
				IPHONEOS_DEPLOYMENT_TARGET = 11.2;
				MTL_ENABLE_DEBUG_INFO = NO;
				SDKROOT = iphoneos;
				VALIDATE_PRODUCT = YES;
			};
			name = Release;
		};
		540CA24C206FBA460057994D /* Debug */ = {
			isa = XCBuildConfiguration;
			buildSettings = {
				ASSETCATALOG_COMPILER_APPICON_NAME = AppIcon;
				CODE_SIGN_STYLE = Automatic;
				DEVELOPMENT_TEAM = 5DVPT5R6X2;
				INFOPLIST_FILE = ZBKit/Info.plist;
				LD_RUNPATH_SEARCH_PATHS = "$(inherited) @executable_path/Frameworks";
				PRODUCT_BUNDLE_IDENTIFIER = com.Shin.ZBKit;
				PRODUCT_NAME = "$(TARGET_NAME)";
				TARGETED_DEVICE_FAMILY = "1,2";
			};
			name = Debug;
		};
		540CA24D206FBA460057994D /* Release */ = {
			isa = XCBuildConfiguration;
			buildSettings = {
				ASSETCATALOG_COMPILER_APPICON_NAME = AppIcon;
				CODE_SIGN_STYLE = Automatic;
				DEVELOPMENT_TEAM = 5DVPT5R6X2;
				INFOPLIST_FILE = ZBKit/Info.plist;
				LD_RUNPATH_SEARCH_PATHS = "$(inherited) @executable_path/Frameworks";
				PRODUCT_BUNDLE_IDENTIFIER = com.Shin.ZBKit;
				PRODUCT_NAME = "$(TARGET_NAME)";
				TARGETED_DEVICE_FAMILY = "1,2";
			};
			name = Release;
		};
		540CA24F206FBA460057994D /* Debug */ = {
			isa = XCBuildConfiguration;
			buildSettings = {
				BUNDLE_LOADER = "$(TEST_HOST)";
				CODE_SIGN_STYLE = Automatic;
				DEVELOPMENT_TEAM = 5DVPT5R6X2;
				INFOPLIST_FILE = ZBKitTests/Info.plist;
				LD_RUNPATH_SEARCH_PATHS = "$(inherited) @executable_path/Frameworks @loader_path/Frameworks";
				PRODUCT_BUNDLE_IDENTIFIER = com.Shin.ZBKitTests;
				PRODUCT_NAME = "$(TARGET_NAME)";
				TARGETED_DEVICE_FAMILY = "1,2";
				TEST_HOST = "$(BUILT_PRODUCTS_DIR)/ZBKit.app/ZBKit";
			};
			name = Debug;
		};
		540CA250206FBA460057994D /* Release */ = {
			isa = XCBuildConfiguration;
			buildSettings = {
				BUNDLE_LOADER = "$(TEST_HOST)";
				CODE_SIGN_STYLE = Automatic;
				DEVELOPMENT_TEAM = 5DVPT5R6X2;
				INFOPLIST_FILE = ZBKitTests/Info.plist;
				LD_RUNPATH_SEARCH_PATHS = "$(inherited) @executable_path/Frameworks @loader_path/Frameworks";
				PRODUCT_BUNDLE_IDENTIFIER = com.Shin.ZBKitTests;
				PRODUCT_NAME = "$(TARGET_NAME)";
				TARGETED_DEVICE_FAMILY = "1,2";
				TEST_HOST = "$(BUILT_PRODUCTS_DIR)/ZBKit.app/ZBKit";
			};
			name = Release;
		};
		540CA252206FBA460057994D /* Debug */ = {
			isa = XCBuildConfiguration;
			buildSettings = {
				CODE_SIGN_STYLE = Automatic;
				DEVELOPMENT_TEAM = 5DVPT5R6X2;
				INFOPLIST_FILE = ZBKitUITests/Info.plist;
				LD_RUNPATH_SEARCH_PATHS = "$(inherited) @executable_path/Frameworks @loader_path/Frameworks";
				PRODUCT_BUNDLE_IDENTIFIER = com.Shin.ZBKitUITests;
				PRODUCT_NAME = "$(TARGET_NAME)";
				TARGETED_DEVICE_FAMILY = "1,2";
				TEST_TARGET_NAME = ZBKit;
			};
			name = Debug;
		};
		540CA253206FBA460057994D /* Release */ = {
			isa = XCBuildConfiguration;
			buildSettings = {
				CODE_SIGN_STYLE = Automatic;
				DEVELOPMENT_TEAM = 5DVPT5R6X2;
				INFOPLIST_FILE = ZBKitUITests/Info.plist;
				LD_RUNPATH_SEARCH_PATHS = "$(inherited) @executable_path/Frameworks @loader_path/Frameworks";
				PRODUCT_BUNDLE_IDENTIFIER = com.Shin.ZBKitUITests;
				PRODUCT_NAME = "$(TARGET_NAME)";
				TARGETED_DEVICE_FAMILY = "1,2";
				TEST_TARGET_NAME = ZBKit;
			};
			name = Release;
		};
/* End XCBuildConfiguration section */

/* Begin XCConfigurationList section */
		540CA21A206FBA450057994D /* Build configuration list for PBXProject "ZBKit" */ = {
			isa = XCConfigurationList;
			buildConfigurations = (
				540CA249206FBA460057994D /* Debug */,
				540CA24A206FBA460057994D /* Release */,
			);
			defaultConfigurationIsVisible = 0;
			defaultConfigurationName = Release;
		};
		540CA24B206FBA460057994D /* Build configuration list for PBXNativeTarget "ZBKit" */ = {
			isa = XCConfigurationList;
			buildConfigurations = (
				540CA24C206FBA460057994D /* Debug */,
				540CA24D206FBA460057994D /* Release */,
			);
			defaultConfigurationIsVisible = 0;
			defaultConfigurationName = Release;
		};
		540CA24E206FBA460057994D /* Build configuration list for PBXNativeTarget "ZBKitTests" */ = {
			isa = XCConfigurationList;
			buildConfigurations = (
				540CA24F206FBA460057994D /* Debug */,
				540CA250206FBA460057994D /* Release */,
			);
			defaultConfigurationIsVisible = 0;
			defaultConfigurationName = Release;
		};
		540CA251206FBA460057994D /* Build configuration list for PBXNativeTarget "ZBKitUITests" */ = {
			isa = XCConfigurationList;
			buildConfigurations = (
				540CA252206FBA460057994D /* Debug */,
				540CA253206FBA460057994D /* Release */,
			);
			defaultConfigurationIsVisible = 0;
			defaultConfigurationName = Release;
		};
/* End XCConfigurationList section */
	};
	rootObject = 540CA217206FBA450057994D /* Project object */;
}
